
Microsoft Visual Studio Solution File, Format Version 12.00
# Visual Studio Version 17
VisualStudioVersion = 17.3.32819.101
MinimumVisualStudioVersion = 10.0.40219.1
Project("{FAE04EC0-301F-11D3-BF4B-00C04F79EFBC}") = "Execise8", "Execise8.csproj", "{D7A6C06F-585F-41DF-BEF9-AFD5A27B083B}"
EndProject
Global
	GlobalSection(SolutionConfigurationPlatforms) = preSolution
		Debug|Any CPU = Debug|Any CPU
		Release|Any CPU = Release|Any CPU
	EndGlobalSection
	GlobalSection(ProjectConfigurationPlatforms) = postSolution
		{D7A6C06F-585F-41DF-BEF9-AFD5A27B083B}.Debug|Any CPU.ActiveCfg = Debug|Any CPU
		{D7A6C06F-585F-41DF-BEF9-AFD5A27B083B}.Debug|Any CPU.Build.0 = Debug|Any CPU
		{D7A6C06F-585F-41DF-BEF9-AFD5A27B083B}.Release|Any CPU.ActiveCfg = Release|Any CPU
		{D7A6C06F-585F-41DF-BEF9-AFD5A27B083B}.Release|Any CPU.Build.0 = Release|Any CPU
	EndGlobalSection
	GlobalSection(SolutionProperties) = preSolution
		HideSolutionNode = FALSE
	EndGlobalSection
	GlobalSection(ExtensibilityGlobals) = postSolution
		SolutionGuid = {6896F62D-7965-478A-AC69-4AABA69CE135}
	EndGlobalSection
EndGlobal
